
Microsoft Visual Studio Solution File, Format Version 12.00
# Visual Studio 2012
Project("{8BC9CEB8-8B4A-11D0-8D11-00A0C91BC942}") = "DeltaHyperbolicityToolkit", "DeltaHyperbolicityToolkit\DeltaHyperbolicityToolkit.vcxproj", "{4FE837FE-AC12-42B9-9275-72691CAE5D27}"
EndProject
Project("{8BC9CEB8-8B4A-11D0-8D11-00A0C91BC942}") = "DDSweep", "DDSweep\DDSweep.vcxproj", "{C1B84FAB-FD7E-45E9-9E4D-A571CA440A30}"
	ProjectSection(ProjectDependencies) = postProject
		{4FE837FE-AC12-42B9-9275-72691CAE5D27} = {4FE837FE-AC12-42B9-9275-72691CAE5D27}
	EndProjectSection
EndProject
Project("{8BC9CEB8-8B4A-11D0-8D11-00A0C91BC942}") = "DeltaHyperbolicity", "DeltaHyperbolicity\DeltaHyperbolicity.vcxproj", "{9EBCE805-2A98-433C-8732-6BA496134AA0}"
	ProjectSection(ProjectDependencies) = postProject
		{4FE837FE-AC12-42B9-9275-72691CAE5D27} = {4FE837FE-AC12-42B9-9275-72691CAE5D27}
	EndProjectSection
EndProject
Project("{8BC9CEB8-8B4A-11D0-8D11-00A0C91BC942}") = "DSweep", "DSweep\DSweep.vcxproj", "{4E0A605D-2188-40B4-8DD4-81BF11FEA99B}"
	ProjectSection(ProjectDependencies) = postProject
		{4FE837FE-AC12-42B9-9275-72691CAE5D27} = {4FE837FE-AC12-42B9-9275-72691CAE5D27}
	EndProjectSection
EndProject
Project("{8BC9CEB8-8B4A-11D0-8D11-00A0C91BC942}") = "BruteForce", "BruteForce\BruteForce.vcxproj", "{8EFB8F40-2EAA-4D51-A5FC-C3ADEA3A3E72}"
	ProjectSection(ProjectDependencies) = postProject
		{4FE837FE-AC12-42B9-9275-72691CAE5D27} = {4FE837FE-AC12-42B9-9275-72691CAE5D27}
	EndProjectSection
EndProject
Project("{8BC9CEB8-8B4A-11D0-8D11-00A0C91BC942}") = "SAExpProbIntervalTemp", "SAExpProbIntervalTemp\SAExpProbIntervalTemp.vcxproj", "{C7259CD5-648F-43FE-BB0E-5569DCE83139}"
	ProjectSection(ProjectDependencies) = postProject
		{4FE837FE-AC12-42B9-9275-72691CAE5D27} = {4FE837FE-AC12-42B9-9275-72691CAE5D27}
	EndProjectSection
EndProject
Project("{8BC9CEB8-8B4A-11D0-8D11-00A0C91BC942}") = "MDSweep", "MDSweep\MDSweep.vcxproj", "{DC66937B-EBD1-4521-9679-51B4C6352894}"
	ProjectSection(ProjectDependencies) = postProject
		{4FE837FE-AC12-42B9-9275-72691CAE5D27} = {4FE837FE-AC12-42B9-9275-72691CAE5D27}
	EndProjectSection
EndProject
Project("{8BC9CEB8-8B4A-11D0-8D11-00A0C91BC942}") = "DSweepMin", "DSweepMin\DSweepMin.vcxproj", "{BC5AE7A6-1064-423D-8AD8-821872CEEA4B}"
	ProjectSection(ProjectDependencies) = postProject
		{4FE837FE-AC12-42B9-9275-72691CAE5D27} = {4FE837FE-AC12-42B9-9275-72691CAE5D27}
	EndProjectSection
EndProject
Project("{8BC9CEB8-8B4A-11D0-8D11-00A0C91BC942}") = "Tester", "Tester\Tester.vcxproj", "{E83371DF-1C7C-41A1-868E-6472B7A47938}"
	ProjectSection(ProjectDependencies) = postProject
		{4FE837FE-AC12-42B9-9275-72691CAE5D27} = {4FE837FE-AC12-42B9-9275-72691CAE5D27}
	EndProjectSection
EndProject
Project("{8BC9CEB8-8B4A-11D0-8D11-00A0C91BC942}") = "Cohen", "Cohen\Cohen.vcxproj", "{007247F5-4C9A-448E-BB47-FF2079F7476F}"
	ProjectSection(ProjectDependencies) = postProject
		{4FE837FE-AC12-42B9-9275-72691CAE5D27} = {4FE837FE-AC12-42B9-9275-72691CAE5D27}
	EndProjectSection
EndProject
Project("{8BC9CEB8-8B4A-11D0-8D11-00A0C91BC942}") = "LargeDistances", "LargeDistances\LargeDistances.vcxproj", "{615322F0-6A18-437D-B369-6A14BACE1AEB}"
	ProjectSection(ProjectDependencies) = postProject
		{4FE837FE-AC12-42B9-9275-72691CAE5D27} = {4FE837FE-AC12-42B9-9275-72691CAE5D27}
	EndProjectSection
EndProject
Project("{8BC9CEB8-8B4A-11D0-8D11-00A0C91BC942}") = "DSweepMinExt", "DSweepMinExt\DSweepMinExt.vcxproj", "{BA59836F-2A3B-4EE4-985E-9B7854A881D9}"
	ProjectSection(ProjectDependencies) = postProject
		{4FE837FE-AC12-42B9-9275-72691CAE5D27} = {4FE837FE-AC12-42B9-9275-72691CAE5D27}
	EndProjectSection
EndProject
Project("{8BC9CEB8-8B4A-11D0-8D11-00A0C91BC942}") = "DeltaHyperbolicityToolkitDll", "DeltaHyperbolicityToolkitDll\DeltaHyperbolicityToolkitDll.vcxproj", "{9559F0C4-E1F2-41D7-ACE7-567AA322FE35}"
	ProjectSection(ProjectDependencies) = postProject
		{4FE837FE-AC12-42B9-9275-72691CAE5D27} = {4FE837FE-AC12-42B9-9275-72691CAE5D27}
	EndProjectSection
EndProject
Global
	GlobalSection(SolutionConfigurationPlatforms) = preSolution
		Debug|Mixed Platforms = Debug|Mixed Platforms
		Debug|Win32 = Debug|Win32
		Debug|x64 = Debug|x64
		Release|Mixed Platforms = Release|Mixed Platforms
		Release|Win32 = Release|Win32
		Release|x64 = Release|x64
	EndGlobalSection
	GlobalSection(ProjectConfigurationPlatforms) = postSolution
		{4FE837FE-AC12-42B9-9275-72691CAE5D27}.Debug|Mixed Platforms.ActiveCfg = Debug|Win32
		{4FE837FE-AC12-42B9-9275-72691CAE5D27}.Debug|Mixed Platforms.Build.0 = Debug|Win32
		{4FE837FE-AC12-42B9-9275-72691CAE5D27}.Debug|Win32.ActiveCfg = Debug|Win32
		{4FE837FE-AC12-42B9-9275-72691CAE5D27}.Debug|Win32.Build.0 = Debug|Win32
		{4FE837FE-AC12-42B9-9275-72691CAE5D27}.Debug|x64.ActiveCfg = Debug|x64
		{4FE837FE-AC12-42B9-9275-72691CAE5D27}.Debug|x64.Build.0 = Debug|x64
		{4FE837FE-AC12-42B9-9275-72691CAE5D27}.Release|Mixed Platforms.ActiveCfg = Release|Win32
		{4FE837FE-AC12-42B9-9275-72691CAE5D27}.Release|Mixed Platforms.Build.0 = Release|Win32
		{4FE837FE-AC12-42B9-9275-72691CAE5D27}.Release|Win32.ActiveCfg = Release|Win32
		{4FE837FE-AC12-42B9-9275-72691CAE5D27}.Release|Win32.Build.0 = Release|Win32
		{4FE837FE-AC12-42B9-9275-72691CAE5D27}.Release|x64.ActiveCfg = Release|x64
		{4FE837FE-AC12-42B9-9275-72691CAE5D27}.Release|x64.Build.0 = Release|x64
		{C1B84FAB-FD7E-45E9-9E4D-A571CA440A30}.Debug|Mixed Platforms.ActiveCfg = Debug|Win32
		{C1B84FAB-FD7E-45E9-9E4D-A571CA440A30}.Debug|Mixed Platforms.Build.0 = Debug|Win32
		{C1B84FAB-FD7E-45E9-9E4D-A571CA440A30}.Debug|Win32.ActiveCfg = Debug|Win32
		{C1B84FAB-FD7E-45E9-9E4D-A571CA440A30}.Debug|Win32.Build.0 = Debug|Win32
		{C1B84FAB-FD7E-45E9-9E4D-A571CA440A30}.Debug|x64.ActiveCfg = Debug|x64
		{C1B84FAB-FD7E-45E9-9E4D-A571CA440A30}.Debug|x64.Build.0 = Debug|x64
		{C1B84FAB-FD7E-45E9-9E4D-A571CA440A30}.Release|Mixed Platforms.ActiveCfg = Release|Win32
		{C1B84FAB-FD7E-45E9-9E4D-A571CA440A30}.Release|Mixed Platforms.Build.0 = Release|Win32
		{C1B84FAB-FD7E-45E9-9E4D-A571CA440A30}.Release|Win32.ActiveCfg = Release|Win32
		{C1B84FAB-FD7E-45E9-9E4D-A571CA440A30}.Release|Win32.Build.0 = Release|Win32
		{C1B84FAB-FD7E-45E9-9E4D-A571CA440A30}.Release|x64.ActiveCfg = Release|x64
		{C1B84FAB-FD7E-45E9-9E4D-A571CA440A30}.Release|x64.Build.0 = Release|x64
		{9EBCE805-2A98-433C-8732-6BA496134AA0}.Debug|Mixed Platforms.ActiveCfg = Debug|Win32
		{9EBCE805-2A98-433C-8732-6BA496134AA0}.Debug|Mixed Platforms.Build.0 = Debug|Win32
		{9EBCE805-2A98-433C-8732-6BA496134AA0}.Debug|Win32.ActiveCfg = Debug|Win32
		{9EBCE805-2A98-433C-8732-6BA496134AA0}.Debug|Win32.Build.0 = Debug|Win32
		{9EBCE805-2A98-433C-8732-6BA496134AA0}.Debug|x64.ActiveCfg = Debug|x64
		{9EBCE805-2A98-433C-8732-6BA496134AA0}.Debug|x64.Build.0 = Debug|x64
		{9EBCE805-2A98-433C-8732-6BA496134AA0}.Release|Mixed Platforms.ActiveCfg = Release|Win32
		{9EBCE805-2A98-433C-8732-6BA496134AA0}.Release|Mixed Platforms.Build.0 = Release|Win32
		{9EBCE805-2A98-433C-8732-6BA496134AA0}.Release|Win32.ActiveCfg = Release|Win32
		{9EBCE805-2A98-433C-8732-6BA496134AA0}.Release|Win32.Build.0 = Release|Win32
		{9EBCE805-2A98-433C-8732-6BA496134AA0}.Release|x64.ActiveCfg = Release|x64
		{9EBCE805-2A98-433C-8732-6BA496134AA0}.Release|x64.Build.0 = Release|x64
		{4E0A605D-2188-40B4-8DD4-81BF11FEA99B}.Debug|Mixed Platforms.ActiveCfg = Debug|Win32
		{4E0A605D-2188-40B4-8DD4-81BF11FEA99B}.Debug|Mixed Platforms.Build.0 = Debug|Win32
		{4E0A605D-2188-40B4-8DD4-81BF11FEA99B}.Debug|Win32.ActiveCfg = Debug|Win32
		{4E0A605D-2188-40B4-8DD4-81BF11FEA99B}.Debug|Win32.Build.0 = Debug|Win32
		{4E0A605D-2188-40B4-8DD4-81BF11FEA99B}.Debug|x64.ActiveCfg = Debug|x64
		{4E0A605D-2188-40B4-8DD4-81BF11FEA99B}.Debug|x64.Build.0 = Debug|x64
		{4E0A605D-2188-40B4-8DD4-81BF11FEA99B}.Release|Mixed Platforms.ActiveCfg = Release|Win32
		{4E0A605D-2188-40B4-8DD4-81BF11FEA99B}.Release|Mixed Platforms.Build.0 = Release|Win32
		{4E0A605D-2188-40B4-8DD4-81BF11FEA99B}.Release|Win32.ActiveCfg = Release|Win32
		{4E0A605D-2188-40B4-8DD4-81BF11FEA99B}.Release|Win32.Build.0 = Release|Win32
		{4E0A605D-2188-40B4-8DD4-81BF11FEA99B}.Release|x64.ActiveCfg = Release|x64
		{4E0A605D-2188-40B4-8DD4-81BF11FEA99B}.Release|x64.Build.0 = Release|x64
		{8EFB8F40-2EAA-4D51-A5FC-C3ADEA3A3E72}.Debug|Mixed Platforms.ActiveCfg = Debug|Win32
		{8EFB8F40-2EAA-4D51-A5FC-C3ADEA3A3E72}.Debug|Mixed Platforms.Build.0 = Debug|Win32
		{8EFB8F40-2EAA-4D51-A5FC-C3ADEA3A3E72}.Debug|Win32.ActiveCfg = Debug|Win32
		{8EFB8F40-2EAA-4D51-A5FC-C3ADEA3A3E72}.Debug|Win32.Build.0 = Debug|Win32
		{8EFB8F40-2EAA-4D51-A5FC-C3ADEA3A3E72}.Debug|x64.ActiveCfg = Debug|x64
		{8EFB8F40-2EAA-4D51-A5FC-C3ADEA3A3E72}.Debug|x64.Build.0 = Debug|x64
		{8EFB8F40-2EAA-4D51-A5FC-C3ADEA3A3E72}.Release|Mixed Platforms.ActiveCfg = Release|Win32
		{8EFB8F40-2EAA-4D51-A5FC-C3ADEA3A3E72}.Release|Mixed Platforms.Build.0 = Release|Win32
		{8EFB8F40-2EAA-4D51-A5FC-C3ADEA3A3E72}.Release|Win32.ActiveCfg = Release|Win32
		{8EFB8F40-2EAA-4D51-A5FC-C3ADEA3A3E72}.Release|Win32.Build.0 = Release|Win32
		{8EFB8F40-2EAA-4D51-A5FC-C3ADEA3A3E72}.Release|x64.ActiveCfg = Release|x64
		{8EFB8F40-2EAA-4D51-A5FC-C3ADEA3A3E72}.Release|x64.Build.0 = Release|x64
		{C7259CD5-648F-43FE-BB0E-5569DCE83139}.Debug|Mixed Platforms.ActiveCfg = Debug|Win32
		{C7259CD5-648F-43FE-BB0E-5569DCE83139}.Debug|Mixed Platforms.Build.0 = Debug|Win32
		{C7259CD5-648F-43FE-BB0E-5569DCE83139}.Debug|Win32.ActiveCfg = Debug|Win32
		{C7259CD5-648F-43FE-BB0E-5569DCE83139}.Debug|Win32.Build.0 = Debug|Win32
		{C7259CD5-648F-43FE-BB0E-5569DCE83139}.Debug|x64.ActiveCfg = Debug|x64
		{C7259CD5-648F-43FE-BB0E-5569DCE83139}.Debug|x64.Build.0 = Debug|x64
		{C7259CD5-648F-43FE-BB0E-5569DCE83139}.Release|Mixed Platforms.ActiveCfg = Release|Win32
		{C7259CD5-648F-43FE-BB0E-5569DCE83139}.Release|Mixed Platforms.Build.0 = Release|Win32
		{C7259CD5-648F-43FE-BB0E-5569DCE83139}.Release|Win32.ActiveCfg = Release|Win32
		{C7259CD5-648F-43FE-BB0E-5569DCE83139}.Release|Win32.Build.0 = Release|Win32
		{C7259CD5-648F-43FE-BB0E-5569DCE83139}.Release|x64.ActiveCfg = Release|x64
		{C7259CD5-648F-43FE-BB0E-5569DCE83139}.Release|x64.Build.0 = Release|x64
		{DC66937B-EBD1-4521-9679-51B4C6352894}.Debug|Mixed Platforms.ActiveCfg = Debug|Win32
		{DC66937B-EBD1-4521-9679-51B4C6352894}.Debug|Mixed Platforms.Build.0 = Debug|Win32
		{DC66937B-EBD1-4521-9679-51B4C6352894}.Debug|Win32.ActiveCfg = Debug|Win32
		{DC66937B-EBD1-4521-9679-51B4C6352894}.Debug|Win32.Build.0 = Debug|Win32
		{DC66937B-EBD1-4521-9679-51B4C6352894}.Debug|x64.ActiveCfg = Debug|x64
		{DC66937B-EBD1-4521-9679-51B4C6352894}.Debug|x64.Build.0 = Debug|x64
		{DC66937B-EBD1-4521-9679-51B4C6352894}.Release|Mixed Platforms.ActiveCfg = Release|Win32
		{DC66937B-EBD1-4521-9679-51B4C6352894}.Release|Mixed Platforms.Build.0 = Release|Win32
		{DC66937B-EBD1-4521-9679-51B4C6352894}.Release|Win32.ActiveCfg = Release|Win32
		{DC66937B-EBD1-4521-9679-51B4C6352894}.Release|Win32.Build.0 = Release|Win32
		{DC66937B-EBD1-4521-9679-51B4C6352894}.Release|x64.ActiveCfg = Release|x64
		{DC66937B-EBD1-4521-9679-51B4C6352894}.Release|x64.Build.0 = Release|x64
		{BC5AE7A6-1064-423D-8AD8-821872CEEA4B}.Debug|Mixed Platforms.ActiveCfg = Debug|Win32
		{BC5AE7A6-1064-423D-8AD8-821872CEEA4B}.Debug|Mixed Platforms.Build.0 = Debug|Win32
		{BC5AE7A6-1064-423D-8AD8-821872CEEA4B}.Debug|Win32.ActiveCfg = Debug|Win32
		{BC5AE7A6-1064-423D-8AD8-821872CEEA4B}.Debug|Win32.Build.0 = Debug|Win32
		{BC5AE7A6-1064-423D-8AD8-821872CEEA4B}.Debug|x64.ActiveCfg = Debug|x64
		{BC5AE7A6-1064-423D-8AD8-821872CEEA4B}.Debug|x64.Build.0 = Debug|x64
		{BC5AE7A6-1064-423D-8AD8-821872CEEA4B}.Release|Mixed Platforms.ActiveCfg = Release|Win32
		{BC5AE7A6-1064-423D-8AD8-821872CEEA4B}.Release|Mixed Platforms.Build.0 = Release|Win32
		{BC5AE7A6-1064-423D-8AD8-821872CEEA4B}.Release|Win32.ActiveCfg = Release|Win32
		{BC5AE7A6-1064-423D-8AD8-821872CEEA4B}.Release|Win32.Build.0 = Release|Win32
		{BC5AE7A6-1064-423D-8AD8-821872CEEA4B}.Release|x64.ActiveCfg = Release|x64
		{BC5AE7A6-1064-423D-8AD8-821872CEEA4B}.Release|x64.Build.0 = Release|x64
		{E83371DF-1C7C-41A1-868E-6472B7A47938}.Debug|Mixed Platforms.ActiveCfg = Debug|Win32
		{E83371DF-1C7C-41A1-868E-6472B7A47938}.Debug|Mixed Platforms.Build.0 = Debug|Win32
		{E83371DF-1C7C-41A1-868E-6472B7A47938}.Debug|Win32.ActiveCfg = Debug|Win32
		{E83371DF-1C7C-41A1-868E-6472B7A47938}.Debug|Win32.Build.0 = Debug|Win32
		{E83371DF-1C7C-41A1-868E-6472B7A47938}.Debug|x64.ActiveCfg = Debug|x64
		{E83371DF-1C7C-41A1-868E-6472B7A47938}.Debug|x64.Build.0 = Debug|x64
		{E83371DF-1C7C-41A1-868E-6472B7A47938}.Release|Mixed Platforms.ActiveCfg = Release|Win32
		{E83371DF-1C7C-41A1-868E-6472B7A47938}.Release|Mixed Platforms.Build.0 = Release|Win32
		{E83371DF-1C7C-41A1-868E-6472B7A47938}.Release|Win32.ActiveCfg = Release|Win32
		{E83371DF-1C7C-41A1-868E-6472B7A47938}.Release|Win32.Build.0 = Release|Win32
		{E83371DF-1C7C-41A1-868E-6472B7A47938}.Release|x64.ActiveCfg = Release|x64
		{E83371DF-1C7C-41A1-868E-6472B7A47938}.Release|x64.Build.0 = Release|x64
		{007247F5-4C9A-448E-BB47-FF2079F7476F}.Debug|Mixed Platforms.ActiveCfg = Debug|Win32
		{007247F5-4C9A-448E-BB47-FF2079F7476F}.Debug|Mixed Platforms.Build.0 = Debug|Win32
		{007247F5-4C9A-448E-BB47-FF2079F7476F}.Debug|Win32.ActiveCfg = Debug|Win32
		{007247F5-4C9A-448E-BB47-FF2079F7476F}.Debug|Win32.Build.0 = Debug|Win32
		{007247F5-4C9A-448E-BB47-FF2079F7476F}.Debug|x64.ActiveCfg = Debug|x64
		{007247F5-4C9A-448E-BB47-FF2079F7476F}.Debug|x64.Build.0 = Debug|x64
		{007247F5-4C9A-448E-BB47-FF2079F7476F}.Release|Mixed Platforms.ActiveCfg = Release|Win32
		{007247F5-4C9A-448E-BB47-FF2079F7476F}.Release|Mixed Platforms.Build.0 = Release|Win32
		{007247F5-4C9A-448E-BB47-FF2079F7476F}.Release|Win32.ActiveCfg = Release|Win32
		{007247F5-4C9A-448E-BB47-FF2079F7476F}.Release|Win32.Build.0 = Release|Win32
		{007247F5-4C9A-448E-BB47-FF2079F7476F}.Release|x64.ActiveCfg = Release|x64
		{007247F5-4C9A-448E-BB47-FF2079F7476F}.Release|x64.Build.0 = Release|x64
		{615322F0-6A18-437D-B369-6A14BACE1AEB}.Debug|Mixed Platforms.ActiveCfg = Debug|Win32
		{615322F0-6A18-437D-B369-6A14BACE1AEB}.Debug|Mixed Platforms.Build.0 = Debug|Win32
		{615322F0-6A18-437D-B369-6A14BACE1AEB}.Debug|Win32.ActiveCfg = Debug|Win32
		{615322F0-6A18-437D-B369-6A14BACE1AEB}.Debug|Win32.Build.0 = Debug|Win32
		{615322F0-6A18-437D-B369-6A14BACE1AEB}.Debug|x64.ActiveCfg = Debug|x64
		{615322F0-6A18-437D-B369-6A14BACE1AEB}.Debug|x64.Build.0 = Debug|x64
		{615322F0-6A18-437D-B369-6A14BACE1AEB}.Release|Mixed Platforms.ActiveCfg = Release|Win32
		{615322F0-6A18-437D-B369-6A14BACE1AEB}.Release|Mixed Platforms.Build.0 = Release|Win32
		{615322F0-6A18-437D-B369-6A14BACE1AEB}.Release|Win32.ActiveCfg = Release|Win32
		{615322F0-6A18-437D-B369-6A14BACE1AEB}.Release|Win32.Build.0 = Release|Win32
		{615322F0-6A18-437D-B369-6A14BACE1AEB}.Release|x64.ActiveCfg = Release|x64
		{615322F0-6A18-437D-B369-6A14BACE1AEB}.Release|x64.Build.0 = Release|x64
		{BA59836F-2A3B-4EE4-985E-9B7854A881D9}.Debug|Mixed Platforms.ActiveCfg = Debug|Win32
		{BA59836F-2A3B-4EE4-985E-9B7854A881D9}.Debug|Mixed Platforms.Build.0 = Debug|Win32
		{BA59836F-2A3B-4EE4-985E-9B7854A881D9}.Debug|Win32.ActiveCfg = Debug|Win32
		{BA59836F-2A3B-4EE4-985E-9B7854A881D9}.Debug|Win32.Build.0 = Debug|Win32
		{BA59836F-2A3B-4EE4-985E-9B7854A881D9}.Debug|x64.ActiveCfg = Debug|x64
		{BA59836F-2A3B-4EE4-985E-9B7854A881D9}.Debug|x64.Build.0 = Debug|x64
		{BA59836F-2A3B-4EE4-985E-9B7854A881D9}.Release|Mixed Platforms.ActiveCfg = Release|Win32
		{BA59836F-2A3B-4EE4-985E-9B7854A881D9}.Release|Mixed Platforms.Build.0 = Release|Win32
		{BA59836F-2A3B-4EE4-985E-9B7854A881D9}.Release|Win32.ActiveCfg = Release|Win32
		{BA59836F-2A3B-4EE4-985E-9B7854A881D9}.Release|Win32.Build.0 = Release|Win32
		{BA59836F-2A3B-4EE4-985E-9B7854A881D9}.Release|x64.ActiveCfg = Release|x64
		{BA59836F-2A3B-4EE4-985E-9B7854A881D9}.Release|x64.Build.0 = Release|x64
		{9559F0C4-E1F2-41D7-ACE7-567AA322FE35}.Debug|Mixed Platforms.ActiveCfg = Debug|Win32
		{9559F0C4-E1F2-41D7-ACE7-567AA322FE35}.Debug|Mixed Platforms.Build.0 = Debug|Win32
		{9559F0C4-E1F2-41D7-ACE7-567AA322FE35}.Debug|Win32.ActiveCfg = Debug|Win32
		{9559F0C4-E1F2-41D7-ACE7-567AA322FE35}.Debug|Win32.Build.0 = Debug|Win32
		{9559F0C4-E1F2-41D7-ACE7-567AA322FE35}.Debug|x64.ActiveCfg = Debug|x64
		{9559F0C4-E1F2-41D7-ACE7-567AA322FE35}.Debug|x64.Build.0 = Debug|x64
		{9559F0C4-E1F2-41D7-ACE7-567AA322FE35}.Release|Mixed Platforms.ActiveCfg = Release|Win32
		{9559F0C4-E1F2-41D7-ACE7-567AA322FE35}.Release|Mixed Platforms.Build.0 = Release|Win32
		{9559F0C4-E1F2-41D7-ACE7-567AA322FE35}.Release|Win32.ActiveCfg = Release|Win32
		{9559F0C4-E1F2-41D7-ACE7-567AA322FE35}.Release|Win32.Build.0 = Release|Win32
		{9559F0C4-E1F2-41D7-ACE7-567AA322FE35}.Release|x64.ActiveCfg = Release|x64
		{9559F0C4-E1F2-41D7-ACE7-567AA322FE35}.Release|x64.Build.0 = Release|x64
	EndGlobalSection
	GlobalSection(SolutionProperties) = preSolution
		HideSolutionNode = FALSE
	EndGlobalSection
EndGlobal
