
Microsoft Visual Studio Solution File, Format Version 11.00
# Visual Studio 2010
Project("{8BC9CEB8-8B4A-11D0-8D11-00A0C91BC942}") = "DeltaHyperbolicityToolkit", "DeltaHyperbolicityToolkit\DeltaHyperbolicityToolkit.vcxproj", "{4FE837FE-AC12-42B9-9275-72691CAE5D27}"
EndProject
Project("{8BC9CEB8-8B4A-11D0-8D11-00A0C91BC942}") = "DDSweep", "DDSweep\DDSweep.vcxproj", "{C1B84FAB-FD7E-45E9-9E4D-A571CA440A30}"
	ProjectSection(ProjectDependencies) = postProject
		{4FE837FE-AC12-42B9-9275-72691CAE5D27} = {4FE837FE-AC12-42B9-9275-72691CAE5D27}
	EndProjectSection
EndProject
Project("{8BC9CEB8-8B4A-11D0-8D11-00A0C91BC942}") = "DeltaHyperbolicity", "DeltaHyperbolicity\DeltaHyperbolicity.vcxproj", "{9EBCE805-2A98-433C-8732-6BA496134AA0}"
	ProjectSection(ProjectDependencies) = postProject
		{8EFB8F40-2EAA-4D51-A5FC-C3ADEA3A3E72} = {8EFB8F40-2EAA-4D51-A5FC-C3ADEA3A3E72}
		{4E0A605D-2188-40B4-8DD4-81BF11FEA99B} = {4E0A605D-2188-40B4-8DD4-81BF11FEA99B}
		{C1B84FAB-FD7E-45E9-9E4D-A571CA440A30} = {C1B84FAB-FD7E-45E9-9E4D-A571CA440A30}
		{4FE837FE-AC12-42B9-9275-72691CAE5D27} = {4FE837FE-AC12-42B9-9275-72691CAE5D27}
	EndProjectSection
EndProject
Project("{8BC9CEB8-8B4A-11D0-8D11-00A0C91BC942}") = "DSweep", "DSweep\DSweep.vcxproj", "{4E0A605D-2188-40B4-8DD4-81BF11FEA99B}"
	ProjectSection(ProjectDependencies) = postProject
		{4FE837FE-AC12-42B9-9275-72691CAE5D27} = {4FE837FE-AC12-42B9-9275-72691CAE5D27}
	EndProjectSection
EndProject
Project("{8BC9CEB8-8B4A-11D0-8D11-00A0C91BC942}") = "BruteForce", "BruteForce\BruteForce.vcxproj", "{8EFB8F40-2EAA-4D51-A5FC-C3ADEA3A3E72}"
	ProjectSection(ProjectDependencies) = postProject
		{4FE837FE-AC12-42B9-9275-72691CAE5D27} = {4FE837FE-AC12-42B9-9275-72691CAE5D27}
	EndProjectSection
EndProject
Global
	GlobalSection(SolutionConfigurationPlatforms) = preSolution
		Debug|Win32 = Debug|Win32
		Release|Win32 = Release|Win32
	EndGlobalSection
	GlobalSection(ProjectConfigurationPlatforms) = postSolution
		{4FE837FE-AC12-42B9-9275-72691CAE5D27}.Debug|Win32.ActiveCfg = Debug|Win32
		{4FE837FE-AC12-42B9-9275-72691CAE5D27}.Debug|Win32.Build.0 = Debug|Win32
		{4FE837FE-AC12-42B9-9275-72691CAE5D27}.Release|Win32.ActiveCfg = Release|Win32
		{4FE837FE-AC12-42B9-9275-72691CAE5D27}.Release|Win32.Build.0 = Release|Win32
		{C1B84FAB-FD7E-45E9-9E4D-A571CA440A30}.Debug|Win32.ActiveCfg = Debug|Win32
		{C1B84FAB-FD7E-45E9-9E4D-A571CA440A30}.Debug|Win32.Build.0 = Debug|Win32
		{C1B84FAB-FD7E-45E9-9E4D-A571CA440A30}.Release|Win32.ActiveCfg = Release|Win32
		{C1B84FAB-FD7E-45E9-9E4D-A571CA440A30}.Release|Win32.Build.0 = Release|Win32
		{9EBCE805-2A98-433C-8732-6BA496134AA0}.Debug|Win32.ActiveCfg = Debug|Win32
		{9EBCE805-2A98-433C-8732-6BA496134AA0}.Debug|Win32.Build.0 = Debug|Win32
		{9EBCE805-2A98-433C-8732-6BA496134AA0}.Release|Win32.ActiveCfg = Release|Win32
		{9EBCE805-2A98-433C-8732-6BA496134AA0}.Release|Win32.Build.0 = Release|Win32
		{4E0A605D-2188-40B4-8DD4-81BF11FEA99B}.Debug|Win32.ActiveCfg = Debug|Win32
		{4E0A605D-2188-40B4-8DD4-81BF11FEA99B}.Debug|Win32.Build.0 = Debug|Win32
		{4E0A605D-2188-40B4-8DD4-81BF11FEA99B}.Release|Win32.ActiveCfg = Release|Win32
		{4E0A605D-2188-40B4-8DD4-81BF11FEA99B}.Release|Win32.Build.0 = Release|Win32
		{8EFB8F40-2EAA-4D51-A5FC-C3ADEA3A3E72}.Debug|Win32.ActiveCfg = Debug|Win32
		{8EFB8F40-2EAA-4D51-A5FC-C3ADEA3A3E72}.Debug|Win32.Build.0 = Debug|Win32
		{8EFB8F40-2EAA-4D51-A5FC-C3ADEA3A3E72}.Release|Win32.ActiveCfg = Release|Win32
		{8EFB8F40-2EAA-4D51-A5FC-C3ADEA3A3E72}.Release|Win32.Build.0 = Release|Win32
	EndGlobalSection
	GlobalSection(SolutionProperties) = preSolution
		HideSolutionNode = FALSE
	EndGlobalSection
EndGlobal
