
Microsoft Visual Studio Solution File, Format Version 11.00
# Visual Studio 2010
Project("{8BC9CEB8-8B4A-11D0-8D11-00A0C91BC942}") = "DeltaHyperbolicity", "DeltaHyperbolicity\DeltaHyperbolicity.vcxproj", "{4FE837FE-AC12-42B9-9275-72691CAE5D27}"
EndProject
Global
	GlobalSection(SolutionConfigurationPlatforms) = preSolution
		Debug|Win32 = Debug|Win32
		Release|Win32 = Release|Win32
	EndGlobalSection
	GlobalSection(ProjectConfigurationPlatforms) = postSolution
		{4FE837FE-AC12-42B9-9275-72691CAE5D27}.Debug|Win32.ActiveCfg = Debug|Win32
		{4FE837FE-AC12-42B9-9275-72691CAE5D27}.Debug|Win32.Build.0 = Debug|Win32
		{4FE837FE-AC12-42B9-9275-72691CAE5D27}.Release|Win32.ActiveCfg = Release|Win32
		{4FE837FE-AC12-42B9-9275-72691CAE5D27}.Release|Win32.Build.0 = Release|Win32
	EndGlobalSection
	GlobalSection(SolutionProperties) = preSolution
		HideSolutionNode = FALSE
	EndGlobalSection
EndGlobal
